{
  "object": {
    "pins": [
      {
        "package": "swift-log",
        "repositoryURL": "https://github.com/brightenai/swift-log.git",
        "state": {
          "branch": "master",
          "revision": "897d8eaaff5bbd5327bbbe58e4ab419f624a19c4",
          "version": null
        }
      },
      {
        "package": "swift-nio",
        "repositoryURL": "https://github.com/brightenai/swift-nio.git",
        "state": {
          "branch": "master",
          "revision": "47d9580eecb3dbd4994f26ebcb8e9628650a241c",
          "version": null
        }
      },
      {
        "package": "swift-nio-extras",
        "repositoryURL": "https://github.com/brightenai/swift-nio-extras.git",
        "state": {
          "branch": "master",
          "revision": "1d56e219889e6c0af3302a630c8f242ad81f9969",
          "version": null
        }
      },
      {
        "package": "swift-nio-http2",
        "repositoryURL": "https://github.com/brightenai/swift-nio-http2.git",
        "state": {
          "branch": "main",
          "revision": "a1772285ffb22fd5154e735951bc343d8c576824",
          "version": null
        }
      },
      {
        "package": "swift-nio-ssl",
        "repositoryURL": "https://github.com/brightenai/swift-nio-ssl.git",
        "state": {
          "branch": "master",
          "revision": "b1b2f2dc957b2292c30d1797a8e4b42dcc53531d",
          "version": null
        }
      },
      {
        "package": "swift-nio-transport-services",
        "repositoryURL": "https://github.com/brightenai/swift-nio-transport-services.git",
        "state": {
          "branch": "master",
          "revision": "fd1019764676926b013c11323378c9fce9d5264f",
          "version": null
        }
      },
      {
        "package": "SwiftProtobuf",
        "repositoryURL": "https://github.com/brightenai/swift-protobuf.git",
        "state": {
          "branch": "main",
          "revision": "0597d5fb5df4f3aa3a5270e81f59c3f9b4db3335",
          "version": null
        }
      }
    ]
  },
  "version": 1
}
